// !$*UTF8*$!
{
	archiveVersion = 1;
	classes = {
	};
	objectVersion = 46;
	objects = {

/* Begin PBXBuildFile section */
		0CED77A81E0489B700C0154D /* AppDelegate.swift in Sources */ = {isa = PBXBuildFile; fileRef = 0CED77A71E0489B700C0154D /* AppDelegate.swift */; };
		0CED77AA1E0489B700C0154D /* ViewController.swift in Sources */ = {isa = PBXBuildFile; fileRef = 0CED77A91E0489B700C0154D /* ViewController.swift */; };
		0CED77AD1E0489B700C0154D /* Main.storyboard in Resources */ = {isa = PBXBuildFile; fileRef = 0CED77AB1E0489B700C0154D /* Main.storyboard */; };
		0CED77AF1E0489B700C0154D /* Assets.xcassets in Resources */ = {isa = PBXBuildFile; fileRef = 0CED77AE1E0489B700C0154D /* Assets.xcassets */; };
		0CED77B21E0489B700C0154D /* LaunchScreen.storyboard in Resources */ = {isa = PBXBuildFile; fileRef = 0CED77B01E0489B700C0154D /* LaunchScreen.storyboard */; };
		0CED77BD1E0489B700C0154D /* LotOrNotTests.swift in Sources */ = {isa = PBXBuildFile; fileRef = 0CED77BC1E0489B700C0154D /* LotOrNotTests.swift */; };
		0CED77C81E0489B700C0154D /* LotOrNotUITests.swift in Sources */ = {isa = PBXBuildFile; fileRef = 0CED77C71E0489B700C0154D /* LotOrNotUITests.swift */; };
		0CED77D61E0489CA00C0154D /* Screen Shot 2016-12-14 at 2.06.02 PM.png in Resources */ = {isa = PBXBuildFile; fileRef = 0CED77D51E0489CA00C0154D /* Screen Shot 2016-12-14 at 2.06.02 PM.png */; };
		0CED77D81E04950900C0154D /* heart-shape-button.jpg in Resources */ = {isa = PBXBuildFile; fileRef = 0CED77D71E04950900C0154D /* heart-shape-button.jpg */; };
		0CED77DA1E04952800C0154D /* cancel_button.png in Resources */ = {isa = PBXBuildFile; fileRef = 0CED77D91E04952800C0154D /* cancel_button.png */; };
/* End PBXBuildFile section */

/* Begin PBXContainerItemProxy section */
		0CED77B91E0489B700C0154D /* PBXContainerItemProxy */ = {
			isa = PBXContainerItemProxy;
			containerPortal = 0CED779C1E0489B700C0154D /* Project object */;
			proxyType = 1;
			remoteGlobalIDString = 0CED77A31E0489B700C0154D;
			remoteInfo = LotOrNot;
		};
		0CED77C41E0489B700C0154D /* PBXContainerItemProxy */ = {
			isa = PBXContainerItemProxy;
			containerPortal = 0CED779C1E0489B700C0154D /* Project object */;
			proxyType = 1;
			remoteGlobalIDString = 0CED77A31E0489B700C0154D;
			remoteInfo = LotOrNot;
		};
/* End PBXContainerItemProxy section */

/* Begin PBXFileReference section */
		0CED77A41E0489B700C0154D /* LotOrNot.app */ = {isa = PBXFileReference; explicitFileType = wrapper.application; includeInIndex = 0; path = LotOrNot.app; sourceTree = BUILT_PRODUCTS_DIR; };
		0CED77A71E0489B700C0154D /* AppDelegate.swift */ = {isa = PBXFileReference; lastKnownFileType = sourcecode.swift; path = AppDelegate.swift; sourceTree = "<group>"; };
		0CED77A91E0489B700C0154D /* ViewController.swift */ = {isa = PBXFileReference; lastKnownFileType = sourcecode.swift; path = ViewController.swift; sourceTree = "<group>"; };
		0CED77AC1E0489B700C0154D /* Base */ = {isa = PBXFileReference; lastKnownFileType = file.storyboard; name = Base; path = Base.lproj/Main.storyboard; sourceTree = "<group>"; };
		0CED77AE1E0489B700C0154D /* Assets.xcassets */ = {isa = PBXFileReference; lastKnownFileType = folder.assetcatalog; path = Assets.xcassets; sourceTree = "<group>"; };
		0CED77B11E0489B700C0154D /* Base */ = {isa = PBXFileReference; lastKnownFileType = file.storyboard; name = Base; path = Base.lproj/LaunchScreen.storyboard; sourceTree = "<group>"; };
		0CED77B31E0489B700C0154D /* Info.plist */ = {isa = PBXFileReference; lastKnownFileType = text.plist.xml; path = Info.plist; sourceTree = "<group>"; };
		0CED77B81E0489B700C0154D /* LotOrNotTests.xctest */ = {isa = PBXFileReference; explicitFileType = wrapper.cfbundle; includeInIndex = 0; path = LotOrNotTests.xctest; sourceTree = BUILT_PRODUCTS_DIR; };
		0CED77BC1E0489B700C0154D /* LotOrNotTests.swift */ = {isa = PBXFileReference; lastKnownFileType = sourcecode.swift; path = LotOrNotTests.swift; sourceTree = "<group>"; };
		0CED77BE1E0489B700C0154D /* Info.plist */ = {isa = PBXFileReference; lastKnownFileType = text.plist.xml; path = Info.plist; sourceTree = "<group>"; };
		0CED77C31E0489B700C0154D /* LotOrNotUITests.xctest */ = {isa = PBXFileReference; explicitFileType = wrapper.cfbundle; includeInIndex = 0; path = LotOrNotUITests.xctest; sourceTree = BUILT_PRODUCTS_DIR; };
		0CED77C71E0489B700C0154D /* LotOrNotUITests.swift */ = {isa = PBXFileReference; lastKnownFileType = sourcecode.swift; path = LotOrNotUITests.swift; sourceTree = "<group>"; };
		0CED77C91E0489B700C0154D /* Info.plist */ = {isa = PBXFileReference; lastKnownFileType = text.plist.xml; path = Info.plist; sourceTree = "<group>"; };
		0CED77D51E0489CA00C0154D /* Screen Shot 2016-12-14 at 2.06.02 PM.png */ = {isa = PBXFileReference; lastKnownFileType = image.png; path = "Screen Shot 2016-12-14 at 2.06.02 PM.png"; sourceTree = "<group>"; };
		0CED77D71E04950900C0154D /* heart-shape-button.jpg */ = {isa = PBXFileReference; lastKnownFileType = image.jpeg; path = "heart-shape-button.jpg"; sourceTree = "<group>"; };
		0CED77D91E04952800C0154D /* cancel_button.png */ = {isa = PBXFileReference; lastKnownFileType = image.png; path = cancel_button.png; sourceTree = "<group>"; };
/* End PBXFileReference section */

/* Begin PBXFrameworksBuildPhase section */
		0CED77A11E0489B700C0154D /* Frameworks */ = {
			isa = PBXFrameworksBuildPhase;
			buildActionMask = 2147483647;
			files = (
			);
			runOnlyForDeploymentPostprocessing = 0;
		};
		0CED77B51E0489B700C0154D /* Frameworks */ = {
			isa = PBXFrameworksBuildPhase;
			buildActionMask = 2147483647;
			files = (
			);
			runOnlyForDeploymentPostprocessing = 0;
		};
		0CED77C01E0489B700C0154D /* Frameworks */ = {
			isa = PBXFrameworksBuildPhase;
			buildActionMask = 2147483647;
			files = (
			);
			runOnlyForDeploymentPostprocessing = 0;
		};
/* End PBXFrameworksBuildPhase section */

/* Begin PBXGroup section */
		0CED779B1E0489B700C0154D = {
			isa = PBXGroup;
			children = (
				0CED77A61E0489B700C0154D /* LotOrNot */,
				0CED77BB1E0489B700C0154D /* LotOrNotTests */,
				0CED77C61E0489B700C0154D /* LotOrNotUITests */,
				0CED77A51E0489B700C0154D /* Products */,
			);
			sourceTree = "<group>";
		};
		0CED77A51E0489B700C0154D /* Products */ = {
			isa = PBXGroup;
			children = (
				0CED77A41E0489B700C0154D /* LotOrNot.app */,
				0CED77B81E0489B700C0154D /* LotOrNotTests.xctest */,
				0CED77C31E0489B700C0154D /* LotOrNotUITests.xctest */,
			);
			name = Products;
			sourceTree = "<group>";
		};
		0CED77A61E0489B700C0154D /* LotOrNot */ = {
			isa = PBXGroup;
			children = (
				0CED77D91E04952800C0154D /* cancel_button.png */,
				0CED77D51E0489CA00C0154D /* Screen Shot 2016-12-14 at 2.06.02 PM.png */,
				0CED77D71E04950900C0154D /* heart-shape-button.jpg */,
				0CED77A71E0489B700C0154D /* AppDelegate.swift */,
				0CED77A91E0489B700C0154D /* ViewController.swift */,
				0CED77AB1E0489B700C0154D /* Main.storyboard */,
				0CED77AE1E0489B700C0154D /* Assets.xcassets */,
				0CED77B01E0489B700C0154D /* LaunchScreen.storyboard */,
				0CED77B31E0489B700C0154D /* Info.plist */,
			);
			path = LotOrNot;
			sourceTree = "<group>";
		};
		0CED77BB1E0489B700C0154D /* LotOrNotTests */ = {
			isa = PBXGroup;
			children = (
				0CED77BC1E0489B700C0154D /* LotOrNotTests.swift */,
				0CED77BE1E0489B700C0154D /* Info.plist */,
			);
			path = LotOrNotTests;
			sourceTree = "<group>";
		};
		0CED77C61E0489B700C0154D /* LotOrNotUITests */ = {
			isa = PBXGroup;
			children = (
				0CED77C71E0489B700C0154D /* LotOrNotUITests.swift */,
				0CED77C91E0489B700C0154D /* Info.plist */,
			);
			path = LotOrNotUITests;
			sourceTree = "<group>";
		};
/* End PBXGroup section */

/* Begin PBXNativeTarget section */
		0CED77A31E0489B700C0154D /* LotOrNot */ = {
			isa = PBXNativeTarget;
			buildConfigurationList = 0CED77CC1E0489B700C0154D /* Build configuration list for PBXNativeTarget "LotOrNot" */;
			buildPhases = (
				0CED77A01E0489B700C0154D /* Sources */,
				0CED77A11E0489B700C0154D /* Frameworks */,
				0CED77A21E0489B700C0154D /* Resources */,
			);
			buildRules = (
			);
			dependencies = (
			);
			name = LotOrNot;
			productName = LotOrNot;
			productReference = 0CED77A41E0489B700C0154D /* LotOrNot.app */;
			productType = "com.apple.product-type.application";
		};
		0CED77B71E0489B700C0154D /* LotOrNotTests */ = {
			isa = PBXNativeTarget;
			buildConfigurationList = 0CED77CF1E0489B700C0154D /* Build configuration list for PBXNativeTarget "LotOrNotTests" */;
			buildPhases = (
				0CED77B41E0489B700C0154D /* Sources */,
				0CED77B51E0489B700C0154D /* Frameworks */,
				0CED77B61E0489B700C0154D /* Resources */,
			);
			buildRules = (
			);
			dependencies = (
				0CED77BA1E0489B700C0154D /* PBXTargetDependency */,
			);
			name = LotOrNotTests;
			productName = LotOrNotTests;
			productReference = 0CED77B81E0489B700C0154D /* LotOrNotTests.xctest */;
			productType = "com.apple.product-type.bundle.unit-test";
		};
		0CED77C21E0489B700C0154D /* LotOrNotUITests */ = {
			isa = PBXNativeTarget;
			buildConfigurationList = 0CED77D21E0489B700C0154D /* Build configuration list for PBXNativeTarget "LotOrNotUITests" */;
			buildPhases = (
				0CED77BF1E0489B700C0154D /* Sources */,
				0CED77C01E0489B700C0154D /* Frameworks */,
				0CED77C11E0489B700C0154D /* Resources */,
			);
			buildRules = (
			);
			dependencies = (
				0CED77C51E0489B700C0154D /* PBXTargetDependency */,
			);
			name = LotOrNotUITests;
			productName = LotOrNotUITests;
			productReference = 0CED77C31E0489B700C0154D /* LotOrNotUITests.xctest */;
			productType = "com.apple.product-type.bundle.ui-testing";
		};
/* End PBXNativeTarget section */

/* Begin PBXProject section */
		0CED779C1E0489B700C0154D /* Project object */ = {
			isa = PBXProject;
			attributes = {
				LastSwiftUpdateCheck = 0730;
				LastUpgradeCheck = 0730;
				ORGANIZATIONNAME = Tophatter;
				TargetAttributes = {
					0CED77A31E0489B700C0154D = {
						CreatedOnToolsVersion = 7.3.1;
					};
					0CED77B71E0489B700C0154D = {
						CreatedOnToolsVersion = 7.3.1;
						TestTargetID = 0CED77A31E0489B700C0154D;
					};
					0CED77C21E0489B700C0154D = {
						CreatedOnToolsVersion = 7.3.1;
						TestTargetID = 0CED77A31E0489B700C0154D;
					};
				};
			};
			buildConfigurationList = 0CED779F1E0489B700C0154D /* Build configuration list for PBXProject "LotOrNot" */;
			compatibilityVersion = "Xcode 3.2";
			developmentRegion = English;
			hasScannedForEncodings = 0;
			knownRegions = (
				en,
				Base,
			);
			mainGroup = 0CED779B1E0489B700C0154D;
			productRefGroup = 0CED77A51E0489B700C0154D /* Products */;
			projectDirPath = "";
			projectRoot = "";
			targets = (
				0CED77A31E0489B700C0154D /* LotOrNot */,
				0CED77B71E0489B700C0154D /* LotOrNotTests */,
				0CED77C21E0489B700C0154D /* LotOrNotUITests */,
			);
		};
/* End PBXProject section */

/* Begin PBXResourcesBuildPhase section */
		0CED77A21E0489B700C0154D /* Resources */ = {
			isa = PBXResourcesBuildPhase;
			buildActionMask = 2147483647;
			files = (
				0CED77D61E0489CA00C0154D /* Screen Shot 2016-12-14 at 2.06.02 PM.png in Resources */,
				0CED77DA1E04952800C0154D /* cancel_button.png in Resources */,
				0CED77B21E0489B700C0154D /* LaunchScreen.storyboard in Resources */,
				0CED77AF1E0489B700C0154D /* Assets.xcassets in Resources */,
				0CED77D81E04950900C0154D /* heart-shape-button.jpg in Resources */,
				0CED77AD1E0489B700C0154D /* Main.storyboard in Resources */,
			);
			runOnlyForDeploymentPostprocessing = 0;
		};
		0CED77B61E0489B700C0154D /* Resources */ = {
			isa = PBXResourcesBuildPhase;
			buildActionMask = 2147483647;
			files = (
			);
			runOnlyForDeploymentPostprocessing = 0;
		};
		0CED77C11E0489B700C0154D /* Resources */ = {
			isa = PBXResourcesBuildPhase;
			buildActionMask = 2147483647;
			files = (
			);
			runOnlyForDeploymentPostprocessing = 0;
		};
/* End PBXResourcesBuildPhase section */

/* Begin PBXSourcesBuildPhase section */
		0CED77A01E0489B700C0154D /* Sources */ = {
			isa = PBXSourcesBuildPhase;
			buildActionMask = 2147483647;
			files = (
				0CED77AA1E0489B700C0154D /* ViewController.swift in Sources */,
				0CED77A81E0489B700C0154D /* AppDelegate.swift in Sources */,
			);
			runOnlyForDeploymentPostprocessing = 0;
		};
		0CED77B41E0489B700C0154D /* Sources */ = {
			isa = PBXSourcesBuildPhase;
			buildActionMask = 2147483647;
			files = (
				0CED77BD1E0489B700C0154D /* LotOrNotTests.swift in Sources */,
			);
			runOnlyForDeploymentPostprocessing = 0;
		};
		0CED77BF1E0489B700C0154D /* Sources */ = {
			isa = PBXSourcesBuildPhase;
			buildActionMask = 2147483647;
			files = (
				0CED77C81E0489B700C0154D /* LotOrNotUITests.swift in Sources */,
			);
			runOnlyForDeploymentPostprocessing = 0;
		};
/* End PBXSourcesBuildPhase section */

/* Begin PBXTargetDependency section */
		0CED77BA1E0489B700C0154D /* PBXTargetDependency */ = {
			isa = PBXTargetDependency;
			target = 0CED77A31E0489B700C0154D /* LotOrNot */;
			targetProxy = 0CED77B91E0489B700C0154D /* PBXContainerItemProxy */;
		};
		0CED77C51E0489B700C0154D /* PBXTargetDependency */ = {
			isa = PBXTargetDependency;
			target = 0CED77A31E0489B700C0154D /* LotOrNot */;
			targetProxy = 0CED77C41E0489B700C0154D /* PBXContainerItemProxy */;
		};
/* End PBXTargetDependency section */

/* Begin PBXVariantGroup section */
		0CED77AB1E0489B700C0154D /* Main.storyboard */ = {
			isa = PBXVariantGroup;
			children = (
				0CED77AC1E0489B700C0154D /* Base */,
			);
			name = Main.storyboard;
			sourceTree = "<group>";
		};
		0CED77B01E0489B700C0154D /* LaunchScreen.storyboard */ = {
			isa = PBXVariantGroup;
			children = (
				0CED77B11E0489B700C0154D /* Base */,
			);
			name = LaunchScreen.storyboard;
			sourceTree = "<group>";
		};
/* End PBXVariantGroup section */

/* Begin XCBuildConfiguration section */
		0CED77CA1E0489B700C0154D /* Debug */ = {
			isa = XCBuildConfiguration;
			buildSettings = {
				ALWAYS_SEARCH_USER_PATHS = NO;
				CLANG_ANALYZER_NONNULL = YES;
				CLANG_CXX_LANGUAGE_STANDARD = "gnu++0x";
				CLANG_CXX_LIBRARY = "libc++";
				CLANG_ENABLE_MODULES = YES;
				CLANG_ENABLE_OBJC_ARC = YES;
				CLANG_WARN_BOOL_CONVERSION = YES;
				CLANG_WARN_CONSTANT_CONVERSION = YES;
				CLANG_WARN_DIRECT_OBJC_ISA_USAGE = YES_ERROR;
				CLANG_WARN_EMPTY_BODY = YES;
				CLANG_WARN_ENUM_CONVERSION = YES;
				CLANG_WARN_INT_CONVERSION = YES;
				CLANG_WARN_OBJC_ROOT_CLASS = YES_ERROR;
				CLANG_WARN_UNREACHABLE_CODE = YES;
				CLANG_WARN__DUPLICATE_METHOD_MATCH = YES;
				"CODE_SIGN_IDENTITY[sdk=iphoneos*]" = "iPhone Developer";
				COPY_PHASE_STRIP = NO;
				DEBUG_INFORMATION_FORMAT = dwarf;
				ENABLE_STRICT_OBJC_MSGSEND = YES;
				ENABLE_TESTABILITY = YES;
				GCC_C_LANGUAGE_STANDARD = gnu99;
				GCC_DYNAMIC_NO_PIC = NO;
				GCC_NO_COMMON_BLOCKS = YES;
				GCC_OPTIMIZATION_LEVEL = 0;
				GCC_PREPROCESSOR_DEFINITIONS = (
					"DEBUG=1",
					"$(inherited)",
				);
				GCC_WARN_64_TO_32_BIT_CONVERSION = YES;
				GCC_WARN_ABOUT_RETURN_TYPE = YES_ERROR;
				GCC_WARN_UNDECLARED_SELECTOR = YES;
				GCC_WARN_UNINITIALIZED_AUTOS = YES_AGGRESSIVE;
				GCC_WARN_UNUSED_FUNCTION = YES;
				GCC_WARN_UNUSED_VARIABLE = YES;
				IPHONEOS_DEPLOYMENT_TARGET = 9.3;
				MTL_ENABLE_DEBUG_INFO = YES;
				ONLY_ACTIVE_ARCH = YES;
				SDKROOT = iphoneos;
				SWIFT_OPTIMIZATION_LEVEL = "-Onone";
				TARGETED_DEVICE_FAMILY = "1,2";
			};
			name = Debug;
		};
		0CED77CB1E0489B700C0154D /* Release */ = {
			isa = XCBuildConfiguration;
			buildSettings = {
				ALWAYS_SEARCH_USER_PATHS = NO;
				CLANG_ANALYZER_NONNULL = YES;
				CLANG_CXX_LANGUAGE_STANDARD = "gnu++0x";
				CLANG_CXX_LIBRARY = "libc++";
				CLANG_ENABLE_MODULES = YES;
				CLANG_ENABLE_OBJC_ARC = YES;
				CLANG_WARN_BOOL_CONVERSION = YES;
				CLANG_WARN_CONSTANT_CONVERSION = YES;
				CLANG_WARN_DIRECT_OBJC_ISA_USAGE = YES_ERROR;
				CLANG_WARN_EMPTY_BODY = YES;
				CLANG_WARN_ENUM_CONVERSION = YES;
				CLANG_WARN_INT_CONVERSION = YES;
				CLANG_WARN_OBJC_ROOT_CLASS = YES_ERROR;
				CLANG_WARN_UNREACHABLE_CODE = YES;
				CLANG_WARN__DUPLICATE_METHOD_MATCH = YES;
				"CODE_SIGN_IDENTITY[sdk=iphoneos*]" = "iPhone Developer";
				COPY_PHASE_STRIP = NO;
				DEBUG_INFORMATION_FORMAT = "dwarf-with-dsym";
				ENABLE_NS_ASSERTIONS = NO;
				ENABLE_STRICT_OBJC_MSGSEND = YES;
				GCC_C_LANGUAGE_STANDARD = gnu99;
				GCC_NO_COMMON_BLOCKS = YES;
				GCC_WARN_64_TO_32_BIT_CONVERSION = YES;
				GCC_WARN_ABOUT_RETURN_TYPE = YES_ERROR;
				GCC_WARN_UNDECLARED_SELECTOR = YES;
				GCC_WARN_UNINITIALIZED_AUTOS = YES_AGGRESSIVE;
				GCC_WARN_UNUSED_FUNCTION = YES;
				GCC_WARN_UNUSED_VARIABLE = YES;
				IPHONEOS_DEPLOYMENT_TARGET = 9.3;
				MTL_ENABLE_DEBUG_INFO = NO;
				SDKROOT = iphoneos;
				TARGETED_DEVICE_FAMILY = "1,2";
				VALIDATE_PRODUCT = YES;
			};
			name = Release;
		};
		0CED77CD1E0489B700C0154D /* Debug */ = {
			isa = XCBuildConfiguration;
			buildSettings = {
				ASSETCATALOG_COMPILER_APPICON_NAME = AppIcon;
				INFOPLIST_FILE = LotOrNot/Info.plist;
				LD_RUNPATH_SEARCH_PATHS = "$(inherited) @executable_path/Frameworks";
				PRODUCT_BUNDLE_IDENTIFIER = Tophatter.LotOrNot;
				PRODUCT_NAME = "$(TARGET_NAME)";
			};
			name = Debug;
		};
		0CED77CE1E0489B700C0154D /* Release */ = {
			isa = XCBuildConfiguration;
			buildSettings = {
				ASSETCATALOG_COMPILER_APPICON_NAME = AppIcon;
				INFOPLIST_FILE = LotOrNot/Info.plist;
				LD_RUNPATH_SEARCH_PATHS = "$(inherited) @executable_path/Frameworks";
				PRODUCT_BUNDLE_IDENTIFIER = Tophatter.LotOrNot;
				PRODUCT_NAME = "$(TARGET_NAME)";
			};
			name = Release;
		};
		0CED77D01E0489B700C0154D /* Debug */ = {
			isa = XCBuildConfiguration;
			buildSettings = {
				BUNDLE_LOADER = "$(TEST_HOST)";
				INFOPLIST_FILE = LotOrNotTests/Info.plist;
				LD_RUNPATH_SEARCH_PATHS = "$(inherited) @executable_path/Frameworks @loader_path/Frameworks";
				PRODUCT_BUNDLE_IDENTIFIER = Tophatter.LotOrNotTests;
				PRODUCT_NAME = "$(TARGET_NAME)";
				TEST_HOST = "$(BUILT_PRODUCTS_DIR)/LotOrNot.app/LotOrNot";
			};
			name = Debug;
		};
		0CED77D11E0489B700C0154D /* Release */ = {
			isa = XCBuildConfiguration;
			buildSettings = {
				BUNDLE_LOADER = "$(TEST_HOST)";
				INFOPLIST_FILE = LotOrNotTests/Info.plist;
				LD_RUNPATH_SEARCH_PATHS = "$(inherited) @executable_path/Frameworks @loader_path/Frameworks";
				PRODUCT_BUNDLE_IDENTIFIER = Tophatter.LotOrNotTests;
				PRODUCT_NAME = "$(TARGET_NAME)";
				TEST_HOST = "$(BUILT_PRODUCTS_DIR)/LotOrNot.app/LotOrNot";
			};
			name = Release;
		};
		0CED77D31E0489B700C0154D /* Debug */ = {
			isa = XCBuildConfiguration;
			buildSettings = {
				INFOPLIST_FILE = LotOrNotUITests/Info.plist;
				LD_RUNPATH_SEARCH_PATHS = "$(inherited) @executable_path/Frameworks @loader_path/Frameworks";
				PRODUCT_BUNDLE_IDENTIFIER = Tophatter.LotOrNotUITests;
				PRODUCT_NAME = "$(TARGET_NAME)";
				TEST_TARGET_NAME = LotOrNot;
			};
			name = Debug;
		};
		0CED77D41E0489B700C0154D /* Release */ = {
			isa = XCBuildConfiguration;
			buildSettings = {
				INFOPLIST_FILE = LotOrNotUITests/Info.plist;
				LD_RUNPATH_SEARCH_PATHS = "$(inherited) @executable_path/Frameworks @loader_path/Frameworks";
				PRODUCT_BUNDLE_IDENTIFIER = Tophatter.LotOrNotUITests;
				PRODUCT_NAME = "$(TARGET_NAME)";
				TEST_TARGET_NAME = LotOrNot;
			};
			name = Release;
		};
/* End XCBuildConfiguration section */

/* Begin XCConfigurationList section */
		0CED779F1E0489B700C0154D /* Build configuration list for PBXProject "LotOrNot" */ = {
			isa = XCConfigurationList;
			buildConfigurations = (
				0CED77CA1E0489B700C0154D /* Debug */,
				0CED77CB1E0489B700C0154D /* Release */,
			);
			defaultConfigurationIsVisible = 0;
			defaultConfigurationName = Release;
		};
		0CED77CC1E0489B700C0154D /* Build configuration list for PBXNativeTarget "LotOrNot" */ = {
			isa = XCConfigurationList;
			buildConfigurations = (
				0CED77CD1E0489B700C0154D /* Debug */,
				0CED77CE1E0489B700C0154D /* Release */,
			);
			defaultConfigurationIsVisible = 0;
		};
		0CED77CF1E0489B700C0154D /* Build configuration list for PBXNativeTarget "LotOrNotTests" */ = {
			isa = XCConfigurationList;
			buildConfigurations = (
				0CED77D01E0489B700C0154D /* Debug */,
				0CED77D11E0489B700C0154D /* Release */,
			);
			defaultConfigurationIsVisible = 0;
		};
		0CED77D21E0489B700C0154D /* Build configuration list for PBXNativeTarget "LotOrNotUITests" */ = {
			isa = XCConfigurationList;
			buildConfigurations = (
				0CED77D31E0489B700C0154D /* Debug */,
				0CED77D41E0489B700C0154D /* Release */,
			);
			defaultConfigurationIsVisible = 0;
		};
/* End XCConfigurationList section */
	};
	rootObject = 0CED779C1E0489B700C0154D /* Project object */;
}
